
Microsoft Visual Studio Solution File, Format Version 12.00
# Visual Studio Version 17
VisualStudioVersion = 17.8.34330.188
MinimumVisualStudioVersion = 10.0.40219.1
Project("{FAE04EC0-301F-11D3-BF4B-00C04F79EFBC}") = "Algorytmy2", "Algorytmy2\Algorytmy2.csproj", "{D12D490A-691A-4A06-8542-13AA48E88A00}"
EndProject
Global
	GlobalSection(SolutionConfigurationPlatforms) = preSolution
		Debug|Any CPU = Debug|Any CPU
		Release|Any CPU = Release|Any CPU
	EndGlobalSection
	GlobalSection(ProjectConfigurationPlatforms) = postSolution
		{D12D490A-691A-4A06-8542-13AA48E88A00}.Debug|Any CPU.ActiveCfg = Debug|Any CPU
		{D12D490A-691A-4A06-8542-13AA48E88A00}.Debug|Any CPU.Build.0 = Debug|Any CPU
		{D12D490A-691A-4A06-8542-13AA48E88A00}.Release|Any CPU.ActiveCfg = Release|Any CPU
		{D12D490A-691A-4A06-8542-13AA48E88A00}.Release|Any CPU.Build.0 = Release|Any CPU
	EndGlobalSection
	GlobalSection(SolutionProperties) = preSolution
		HideSolutionNode = FALSE
	EndGlobalSection
	GlobalSection(ExtensibilityGlobals) = postSolution
		SolutionGuid = {0B20E20D-2120-460E-893F-2C83EDE32F6E}
	EndGlobalSection
EndGlobal
